// !$*UTF8*$!
{
	archiveVersion = 1;
	classes = {
	};
	objectVersion = 50;
	objects = {

/* Begin PBXBuildFile section */
		93311B8E1A89E4874E6A2EA4 /* Pods_unsplash_images.framework in Frameworks */ = {isa = PBXBuildFile; fileRef = 634BAD3A502AE1F2B1EE03E2 /* Pods_unsplash_images.framework */; };
		EC4DF1BC258919C9001D92A2 /* AppDelegate.swift in Sources */ = {isa = PBXBuildFile; fileRef = EC4DF1BB258919C9001D92A2 /* AppDelegate.swift */; };
		EC4DF1BE258919C9001D92A2 /* SceneDelegate.swift in Sources */ = {isa = PBXBuildFile; fileRef = EC4DF1BD258919C9001D92A2 /* SceneDelegate.swift */; };
		EC4DF1C0258919C9001D92A2 /* ViewController.swift in Sources */ = {isa = PBXBuildFile; fileRef = EC4DF1BF258919C9001D92A2 /* ViewController.swift */; };
		EC4DF1C3258919C9001D92A2 /* Main.storyboard in Resources */ = {isa = PBXBuildFile; fileRef = EC4DF1C1258919C9001D92A2 /* Main.storyboard */; };
		EC4DF1C5258919CB001D92A2 /* Assets.xcassets in Resources */ = {isa = PBXBuildFile; fileRef = EC4DF1C4258919CB001D92A2 /* Assets.xcassets */; };
		EC4DF1C8258919CB001D92A2 /* LaunchScreen.storyboard in Resources */ = {isa = PBXBuildFile; fileRef = EC4DF1C6258919CB001D92A2 /* LaunchScreen.storyboard */; };
/* End PBXBuildFile section */

/* Begin PBXFileReference section */
		634BAD3A502AE1F2B1EE03E2 /* Pods_unsplash_images.framework */ = {isa = PBXFileReference; explicitFileType = wrapper.framework; includeInIndex = 0; path = Pods_unsplash_images.framework; sourceTree = BUILT_PRODUCTS_DIR; };
		EC4DF1B8258919C9001D92A2 /* unsplash-images.app */ = {isa = PBXFileReference; explicitFileType = wrapper.application; includeInIndex = 0; path = "unsplash-images.app"; sourceTree = BUILT_PRODUCTS_DIR; };
		EC4DF1BB258919C9001D92A2 /* AppDelegate.swift */ = {isa = PBXFileReference; lastKnownFileType = sourcecode.swift; path = AppDelegate.swift; sourceTree = "<group>"; };
		EC4DF1BD258919C9001D92A2 /* SceneDelegate.swift */ = {isa = PBXFileReference; lastKnownFileType = sourcecode.swift; path = SceneDelegate.swift; sourceTree = "<group>"; };
		EC4DF1BF258919C9001D92A2 /* ViewController.swift */ = {isa = PBXFileReference; lastKnownFileType = sourcecode.swift; path = ViewController.swift; sourceTree = "<group>"; };
		EC4DF1C2258919C9001D92A2 /* Base */ = {isa = PBXFileReference; lastKnownFileType = file.storyboard; name = Base; path = Base.lproj/Main.storyboard; sourceTree = "<group>"; };
		EC4DF1C4258919CB001D92A2 /* Assets.xcassets */ = {isa = PBXFileReference; lastKnownFileType = folder.assetcatalog; path = Assets.xcassets; sourceTree = "<group>"; };
		EC4DF1C7258919CB001D92A2 /* Base */ = {isa = PBXFileReference; lastKnownFileType = file.storyboard; name = Base; path = Base.lproj/LaunchScreen.storyboard; sourceTree = "<group>"; };
		EC4DF1C9258919CB001D92A2 /* Info.plist */ = {isa = PBXFileReference; lastKnownFileType = text.plist.xml; path = Info.plist; sourceTree = "<group>"; };
		F1A642DDCA8728482DC7FC3A /* Pods-unsplash-images.debug.xcconfig */ = {isa = PBXFileReference; includeInIndex = 1; lastKnownFileType = text.xcconfig; name = "Pods-unsplash-images.debug.xcconfig"; path = "Target Support Files/Pods-unsplash-images/Pods-unsplash-images.debug.xcconfig"; sourceTree = "<group>"; };
		FBE9FA676DBFB8A06153C869 /* Pods-unsplash-images.release.xcconfig */ = {isa = PBXFileReference; includeInIndex = 1; lastKnownFileType = text.xcconfig; name = "Pods-unsplash-images.release.xcconfig"; path = "Target Support Files/Pods-unsplash-images/Pods-unsplash-images.release.xcconfig"; sourceTree = "<group>"; };
/* End PBXFileReference section */

/* Begin PBXFrameworksBuildPhase section */
		EC4DF1B5258919C9001D92A2 /* Frameworks */ = {
			isa = PBXFrameworksBuildPhase;
			buildActionMask = 2147483647;
			files = (
				93311B8E1A89E4874E6A2EA4 /* Pods_unsplash_images.framework in Frameworks */,
			);
			runOnlyForDeploymentPostprocessing = 0;
		};
/* End PBXFrameworksBuildPhase section */

/* Begin PBXGroup section */
		422E6948E91D7E62D90E9075 /* Pods */ = {
			isa = PBXGroup;
			children = (
				F1A642DDCA8728482DC7FC3A /* Pods-unsplash-images.debug.xcconfig */,
				FBE9FA676DBFB8A06153C869 /* Pods-unsplash-images.release.xcconfig */,
			);
			name = Pods;
			path = Pods;
			sourceTree = "<group>";
		};
		E124D53BC6C5979C77248C6B /* Frameworks */ = {
			isa = PBXGroup;
			children = (
				634BAD3A502AE1F2B1EE03E2 /* Pods_unsplash_images.framework */,
			);
			name = Frameworks;
			sourceTree = "<group>";
		};
		EC4DF1AF258919C9001D92A2 = {
			isa = PBXGroup;
			children = (
				EC4DF1BA258919C9001D92A2 /* unsplash-images */,
				EC4DF1B9258919C9001D92A2 /* Products */,
				422E6948E91D7E62D90E9075 /* Pods */,
				E124D53BC6C5979C77248C6B /* Frameworks */,
			);
			sourceTree = "<group>";
		};
		EC4DF1B9258919C9001D92A2 /* Products */ = {
			isa = PBXGroup;
			children = (
				EC4DF1B8258919C9001D92A2 /* unsplash-images.app */,
			);
			name = Products;
			sourceTree = "<group>";
		};
		EC4DF1BA258919C9001D92A2 /* unsplash-images */ = {
			isa = PBXGroup;
			children = (
				EC4DF1BB258919C9001D92A2 /* AppDelegate.swift */,
				EC4DF1BD258919C9001D92A2 /* SceneDelegate.swift */,
				EC4DF1BF258919C9001D92A2 /* ViewController.swift */,
				EC4DF1C1258919C9001D92A2 /* Main.storyboard */,
				EC4DF1C4258919CB001D92A2 /* Assets.xcassets */,
				EC4DF1C6258919CB001D92A2 /* LaunchScreen.storyboard */,
				EC4DF1C9258919CB001D92A2 /* Info.plist */,
			);
			path = "unsplash-images";
			sourceTree = "<group>";
		};
/* End PBXGroup section */

/* Begin PBXNativeTarget section */
		EC4DF1B7258919C9001D92A2 /* unsplash-images */ = {
			isa = PBXNativeTarget;
			buildConfigurationList = EC4DF1CC258919CB001D92A2 /* Build configuration list for PBXNativeTarget "unsplash-images" */;
			buildPhases = (
				78E6AB66C74A4A6D423EF30A /* [CP] Check Pods Manifest.lock */,
				EC4DF1B4258919C9001D92A2 /* Sources */,
				EC4DF1B5258919C9001D92A2 /* Frameworks */,
				EC4DF1B6258919C9001D92A2 /* Resources */,
			);
			buildRules = (
			);
			dependencies = (
			);
			name = "unsplash-images";
			productName = "unsplash-images";
			productReference = EC4DF1B8258919C9001D92A2 /* unsplash-images.app */;
			productType = "com.apple.product-type.application";
		};
/* End PBXNativeTarget section */

/* Begin PBXProject section */
		EC4DF1B0258919C9001D92A2 /* Project object */ = {
			isa = PBXProject;
			attributes = {
				LastSwiftUpdateCheck = 1220;
				LastUpgradeCheck = 1220;
				TargetAttributes = {
					EC4DF1B7258919C9001D92A2 = {
						CreatedOnToolsVersion = 12.2;
					};
				};
			};
			buildConfigurationList = EC4DF1B3258919C9001D92A2 /* Build configuration list for PBXProject "unsplash-images" */;
			compatibilityVersion = "Xcode 9.3";
			developmentRegion = en;
			hasScannedForEncodings = 0;
			knownRegions = (
				en,
				Base,
			);
			mainGroup = EC4DF1AF258919C9001D92A2;
			productRefGroup = EC4DF1B9258919C9001D92A2 /* Products */;
			projectDirPath = "";
			projectRoot = "";
			targets = (
				EC4DF1B7258919C9001D92A2 /* unsplash-images */,
			);
		};
/* End PBXProject section */

/* Begin PBXResourcesBuildPhase section */
		EC4DF1B6258919C9001D92A2 /* Resources */ = {
			isa = PBXResourcesBuildPhase;
			buildActionMask = 2147483647;
			files = (
				EC4DF1C8258919CB001D92A2 /* LaunchScreen.storyboard in Resources */,
				EC4DF1C5258919CB001D92A2 /* Assets.xcassets in Resources */,
				EC4DF1C3258919C9001D92A2 /* Main.storyboard in Resources */,
			);
			runOnlyForDeploymentPostprocessing = 0;
		};
/* End PBXResourcesBuildPhase section */

/* Begin PBXShellScriptBuildPhase section */
		78E6AB66C74A4A6D423EF30A /* [CP] Check Pods Manifest.lock */ = {
			isa = PBXShellScriptBuildPhase;
			buildActionMask = 2147483647;
			files = (
			);
			inputFileListPaths = (
			);
			inputPaths = (
				"${PODS_PODFILE_DIR_PATH}/Podfile.lock",
				"${PODS_ROOT}/Manifest.lock",
			);
			name = "[CP] Check Pods Manifest.lock";
			outputFileListPaths = (
			);
			outputPaths = (
				"$(DERIVED_FILE_DIR)/Pods-unsplash-images-checkManifestLockResult.txt",
			);
			runOnlyForDeploymentPostprocessing = 0;
			shellPath = /bin/sh;
			shellScript = "diff \"${PODS_PODFILE_DIR_PATH}/Podfile.lock\" \"${PODS_ROOT}/Manifest.lock\" > /dev/null\nif [ $? != 0 ] ; then\n    # print error to STDERR\n    echo \"error: The sandbox is not in sync with the Podfile.lock. Run 'pod install' or update your CocoaPods installation.\" >&2\n    exit 1\nfi\n# This output is used by Xcode 'outputs' to avoid re-running this script phase.\necho \"SUCCESS\" > \"${SCRIPT_OUTPUT_FILE_0}\"\n";
			showEnvVarsInLog = 0;
		};
/* End PBXShellScriptBuildPhase section */

/* Begin PBXSourcesBuildPhase section */
		EC4DF1B4258919C9001D92A2 /* Sources */ = {
			isa = PBXSourcesBuildPhase;
			buildActionMask = 2147483647;
			files = (
				EC4DF1C0258919C9001D92A2 /* ViewController.swift in Sources */,
				EC4DF1BC258919C9001D92A2 /* AppDelegate.swift in Sources */,
				EC4DF1BE258919C9001D92A2 /* SceneDelegate.swift in Sources */,
			);
			runOnlyForDeploymentPostprocessing = 0;
		};
/* End PBXSourcesBuildPhase section */

/* Begin PBXVariantGroup section */
		EC4DF1C1258919C9001D92A2 /* Main.storyboard */ = {
			isa = PBXVariantGroup;
			children = (
				EC4DF1C2258919C9001D92A2 /* Base */,
			);
			name = Main.storyboard;
			sourceTree = "<group>";
		};
		EC4DF1C6258919CB001D92A2 /* LaunchScreen.storyboard */ = {
			isa = PBXVariantGroup;
			children = (
				EC4DF1C7258919CB001D92A2 /* Base */,
			);
			name = LaunchScreen.storyboard;
			sourceTree = "<group>";
		};
/* End PBXVariantGroup section */

/* Begin XCBuildConfiguration section */
		EC4DF1CA258919CB001D92A2 /* Debug */ = {
			isa = XCBuildConfiguration;
			buildSettings = {
				ALWAYS_SEARCH_USER_PATHS = NO;
				CLANG_ANALYZER_NONNULL = YES;
				CLANG_ANALYZER_NUMBER_OBJECT_CONVERSION = YES_AGGRESSIVE;
				CLANG_CXX_LANGUAGE_STANDARD = "gnu++14";
				CLANG_CXX_LIBRARY = "libc++";
				CLANG_ENABLE_MODULES = YES;
				CLANG_ENABLE_OBJC_ARC = YES;
				CLANG_ENABLE_OBJC_WEAK = YES;
				CLANG_WARN_BLOCK_CAPTURE_AUTORELEASING = YES;
				CLANG_WARN_BOOL_CONVERSION = YES;
				CLANG_WARN_COMMA = YES;
				CLANG_WARN_CONSTANT_CONVERSION = YES;
				CLANG_WARN_DEPRECATED_OBJC_IMPLEMENTATIONS = YES;
				CLANG_WARN_DIRECT_OBJC_ISA_USAGE = YES_ERROR;
				CLANG_WARN_DOCUMENTATION_COMMENTS = YES;
				CLANG_WARN_EMPTY_BODY = YES;
				CLANG_WARN_ENUM_CONVERSION = YES;
				CLANG_WARN_INFINITE_RECURSION = YES;
				CLANG_WARN_INT_CONVERSION = YES;
				CLANG_WARN_NON_LITERAL_NULL_CONVERSION = YES;
				CLANG_WARN_OBJC_IMPLICIT_RETAIN_SELF = YES;
				CLANG_WARN_OBJC_LITERAL_CONVERSION = YES;
				CLANG_WARN_OBJC_ROOT_CLASS = YES_ERROR;
				CLANG_WARN_QUOTED_INCLUDE_IN_FRAMEWORK_HEADER = YES;
				CLANG_WARN_RANGE_LOOP_ANALYSIS = YES;
				CLANG_WARN_STRICT_PROTOTYPES = YES;
				CLANG_WARN_SUSPICIOUS_MOVE = YES;
				CLANG_WARN_UNGUARDED_AVAILABILITY = YES_AGGRESSIVE;
				CLANG_WARN_UNREACHABLE_CODE = YES;
				CLANG_WARN__DUPLICATE_METHOD_MATCH = YES;
				COPY_PHASE_STRIP = NO;
				DEBUG_INFORMATION_FORMAT = dwarf;
				ENABLE_STRICT_OBJC_MSGSEND = YES;
				ENABLE_TESTABILITY = YES;
				GCC_C_LANGUAGE_STANDARD = gnu11;
				GCC_DYNAMIC_NO_PIC = NO;
				GCC_NO_COMMON_BLOCKS = YES;
				GCC_OPTIMIZATION_LEVEL = 0;
				GCC_PREPROCESSOR_DEFINITIONS = (
					"DEBUG=1",
					"$(inherited)",
				);
				GCC_WARN_64_TO_32_BIT_CONVERSION = YES;
				GCC_WARN_ABOUT_RETURN_TYPE = YES_ERROR;
				GCC_WARN_UNDECLARED_SELECTOR = YES;
				GCC_WARN_UNINITIALIZED_AUTOS = YES_AGGRESSIVE;
				GCC_WARN_UNUSED_FUNCTION = YES;
				GCC_WARN_UNUSED_VARIABLE = YES;
				IPHONEOS_DEPLOYMENT_TARGET = 14.2;
				MTL_ENABLE_DEBUG_INFO = INCLUDE_SOURCE;
				MTL_FAST_MATH = YES;
				ONLY_ACTIVE_ARCH = YES;
				SDKROOT = iphoneos;
				SWIFT_ACTIVE_COMPILATION_CONDITIONS = DEBUG;
				SWIFT_OPTIMIZATION_LEVEL = "-Onone";
			};
			name = Debug;
		};
		EC4DF1CB258919CB001D92A2 /* Release */ = {
			isa = XCBuildConfiguration;
			buildSettings = {
				ALWAYS_SEARCH_USER_PATHS = NO;
				CLANG_ANALYZER_NONNULL = YES;
				CLANG_ANALYZER_NUMBER_OBJECT_CONVERSION = YES_AGGRESSIVE;
				CLANG_CXX_LANGUAGE_STANDARD = "gnu++14";
				CLANG_CXX_LIBRARY = "libc++";
				CLANG_ENABLE_MODULES = YES;
				CLANG_ENABLE_OBJC_ARC = YES;
				CLANG_ENABLE_OBJC_WEAK = YES;
				CLANG_WARN_BLOCK_CAPTURE_AUTORELEASING = YES;
				CLANG_WARN_BOOL_CONVERSION = YES;
				CLANG_WARN_COMMA = YES;
				CLANG_WARN_CONSTANT_CONVERSION = YES;
				CLANG_WARN_DEPRECATED_OBJC_IMPLEMENTATIONS = YES;
				CLANG_WARN_DIRECT_OBJC_ISA_USAGE = YES_ERROR;
				CLANG_WARN_DOCUMENTATION_COMMENTS = YES;
				CLANG_WARN_EMPTY_BODY = YES;
				CLANG_WARN_ENUM_CONVERSION = YES;
				CLANG_WARN_INFINITE_RECURSION = YES;
				CLANG_WARN_INT_CONVERSION = YES;
				CLANG_WARN_NON_LITERAL_NULL_CONVERSION = YES;
				CLANG_WARN_OBJC_IMPLICIT_RETAIN_SELF = YES;
				CLANG_WARN_OBJC_LITERAL_CONVERSION = YES;
				CLANG_WARN_OBJC_ROOT_CLASS = YES_ERROR;
				CLANG_WARN_QUOTED_INCLUDE_IN_FRAMEWORK_HEADER = YES;
				CLANG_WARN_RANGE_LOOP_ANALYSIS = YES;
				CLANG_WARN_STRICT_PROTOTYPES = YES;
				CLANG_WARN_SUSPICIOUS_MOVE = YES;
				CLANG_WARN_UNGUARDED_AVAILABILITY = YES_AGGRESSIVE;
				CLANG_WARN_UNREACHABLE_CODE = YES;
				CLANG_WARN__DUPLICATE_METHOD_MATCH = YES;
				COPY_PHASE_STRIP = NO;
				DEBUG_INFORMATION_FORMAT = "dwarf-with-dsym";
				ENABLE_NS_ASSERTIONS = NO;
				ENABLE_STRICT_OBJC_MSGSEND = YES;
				GCC_C_LANGUAGE_STANDARD = gnu11;
				GCC_NO_COMMON_BLOCKS = YES;
				GCC_WARN_64_TO_32_BIT_CONVERSION = YES;
				GCC_WARN_ABOUT_RETURN_TYPE = YES_ERROR;
				GCC_WARN_UNDECLARED_SELECTOR = YES;
				GCC_WARN_UNINITIALIZED_AUTOS = YES_AGGRESSIVE;
				GCC_WARN_UNUSED_FUNCTION = YES;
				GCC_WARN_UNUSED_VARIABLE = YES;
				IPHONEOS_DEPLOYMENT_TARGET = 14.2;
				MTL_ENABLE_DEBUG_INFO = NO;
				MTL_FAST_MATH = YES;
				SDKROOT = iphoneos;
				SWIFT_COMPILATION_MODE = wholemodule;
				SWIFT_OPTIMIZATION_LEVEL = "-O";
				VALIDATE_PRODUCT = YES;
			};
			name = Release;
		};
		EC4DF1CD258919CB001D92A2 /* Debug */ = {
			isa = XCBuildConfiguration;
			baseConfigurationReference = F1A642DDCA8728482DC7FC3A /* Pods-unsplash-images.debug.xcconfig */;
			buildSettings = {
				ASSETCATALOG_COMPILER_APPICON_NAME = AppIcon;
				ASSETCATALOG_COMPILER_GLOBAL_ACCENT_COLOR_NAME = AccentColor;
				CODE_SIGN_STYLE = Automatic;
				DEVELOPMENT_TEAM = 8BTFB678DQ;
				INFOPLIST_FILE = "unsplash-images/Info.plist";
				LD_RUNPATH_SEARCH_PATHS = (
					"$(inherited)",
					"@executable_path/Frameworks",
				);
				PRODUCT_BUNDLE_IDENTIFIER = "com.axekoder.back.unsplash-images";
				PRODUCT_NAME = "$(TARGET_NAME)";
				SWIFT_VERSION = 5.0;
				TARGETED_DEVICE_FAMILY = "1,2";
			};
			name = Debug;
		};
		EC4DF1CE258919CB001D92A2 /* Release */ = {
			isa = XCBuildConfiguration;
			baseConfigurationReference = FBE9FA676DBFB8A06153C869 /* Pods-unsplash-images.release.xcconfig */;
			buildSettings = {
				ASSETCATALOG_COMPILER_APPICON_NAME = AppIcon;
				ASSETCATALOG_COMPILER_GLOBAL_ACCENT_COLOR_NAME = AccentColor;
				CODE_SIGN_STYLE = Automatic;
				DEVELOPMENT_TEAM = 8BTFB678DQ;
				INFOPLIST_FILE = "unsplash-images/Info.plist";
				LD_RUNPATH_SEARCH_PATHS = (
					"$(inherited)",
					"@executable_path/Frameworks",
				);
				PRODUCT_BUNDLE_IDENTIFIER = "com.axekoder.back.unsplash-images";
				PRODUCT_NAME = "$(TARGET_NAME)";
				SWIFT_VERSION = 5.0;
				TARGETED_DEVICE_FAMILY = "1,2";
			};
			name = Release;
		};
/* End XCBuildConfiguration section */

/* Begin XCConfigurationList section */
		EC4DF1B3258919C9001D92A2 /* Build configuration list for PBXProject "unsplash-images" */ = {
			isa = XCConfigurationList;
			buildConfigurations = (
				EC4DF1CA258919CB001D92A2 /* Debug */,
				EC4DF1CB258919CB001D92A2 /* Release */,
			);
			defaultConfigurationIsVisible = 0;
			defaultConfigurationName = Release;
		};
		EC4DF1CC258919CB001D92A2 /* Build configuration list for PBXNativeTarget "unsplash-images" */ = {
			isa = XCConfigurationList;
			buildConfigurations = (
				EC4DF1CD258919CB001D92A2 /* Debug */,
				EC4DF1CE258919CB001D92A2 /* Release */,
			);
			defaultConfigurationIsVisible = 0;
			defaultConfigurationName = Release;
		};
/* End XCConfigurationList section */
	};
	rootObject = EC4DF1B0258919C9001D92A2 /* Project object */;
}
